<?xml version="1.0" encoding="UTF-8" standalone="yes" ?>
<CodeBlocks_project_file>
	<FileVersion major="1" minor="6" />
	<Project>
		<Option title="musacshi" />
		<Option pch_mode="2" />
		<Option compiler="gcc" />
		<Build>
			<Target title="Debug">
				<Option output="bin/Debug/musacshi" prefix_auto="1" extension_auto="1" />
				<Option object_output="obj/Debug/" />
				<Option type="1" />
				<Option compiler="gcc" />
				<Compiler>
					<Add option="-g" />
				</Compiler>
			</Target>
			<Target title="Release">
				<Option output="bin/Release/musacshi" prefix_auto="1" extension_auto="1" />
				<Option object_output="obj/Release/" />
				<Option type="1" />
				<Option compiler="gcc" />
				<Compiler>
					<Add option="-O2" />
				</Compiler>
				<Linker>
					<Add option="-s" />
				</Linker>
			</Target>
		</Build>
		<Compiler>
			<Add option="-Wall" />
			<Add option="-fexceptions" />
		</Compiler>
		<Unit filename="include/musacshi.h" />
		<Unit filename="main.cpp" />
		<Unit filename="src/SDL.cpp" />
		<Unit filename="src/alphaBeta.cpp" />
		<Unit filename="src/deplacement.cpp" />
		<Unit filename="src/fichierText/level.txt" />
		<Unit filename="src/fichierText/menu.txt" />
		<Unit filename="src/fichierText/opening.txt" />
		<Unit filename="src/fichierText/rules.txt" />
		<Unit filename="src/images/Exit.png" />
		<Unit filename="src/images/MenuPrincipale.png" />
		<Unit filename="src/images/Play.png" />
		<Unit filename="src/images/Rules.png" />
		<Unit filename="src/images/background.png" />
		<Unit filename="src/images/easy.png" />
		<Unit filename="src/images/exit2.png" />
		<Unit filename="src/images/h.png" />
		<Unit filename="src/images/hard.png" />
		<Unit filename="src/images/hh.png" />
		<Unit filename="src/images/level.png" />
		<Unit filename="src/images/lose.png" />
		<Unit filename="src/images/medium.png" />
		<Unit filename="src/images/openning.png" />
		<Unit filename="src/images/rulesDetails1.png" />
		<Unit filename="src/images/rulesDetails2.png" />
		<Unit filename="src/images/tryAgain.png" />
		<Unit filename="src/images/win.png" />
		<Unit filename="src/interface.cpp" />
		<Unit filename="src/minimax.cpp" />
		<Unit filename="src/plateau.cpp" />
		<Unit filename="src/player.cpp" />
		<Unit filename="src/sons/EAT.wav" />
		<Unit filename="src/sons/INVALIDECHOICE.wav" />
		<Unit filename="src/sons/LOSE.wav" />
		<Unit filename="src/sons/WIN.wav" />
		<Unit filename="src/sons/click.wav" />
		<Unit filename="src/sons/moulin.wav" />
		<Unit filename="src/sons/music.mp3" />
		<Extensions>
			<lib_finder disable_auto="1" />
		</Extensions>
	</Project>
</CodeBlocks_project_file>
